
Microsoft Visual Studio Solution File, Format Version 12.00
# Visual Studio Version 17
VisualStudioVersion = 17.6.33815.320
MinimumVisualStudioVersion = 10.0.40219.1
Project("{FAE04EC0-301F-11D3-BF4B-00C04F79EFBC}") = "FinalWebMaycoholV3", "FinalWebMaycoholV3\FinalWebMaycoholV3.csproj", "{1D404A0D-2E19-4CD8-82A5-AC30A7E64336}"
EndProject
Global
	GlobalSection(SolutionConfigurationPlatforms) = preSolution
		Debug|Any CPU = Debug|Any CPU
		Release|Any CPU = Release|Any CPU
	EndGlobalSection
	GlobalSection(ProjectConfigurationPlatforms) = postSolution
		{1D404A0D-2E19-4CD8-82A5-AC30A7E64336}.Debug|Any CPU.ActiveCfg = Debug|Any CPU
		{1D404A0D-2E19-4CD8-82A5-AC30A7E64336}.Debug|Any CPU.Build.0 = Debug|Any CPU
		{1D404A0D-2E19-4CD8-82A5-AC30A7E64336}.Release|Any CPU.ActiveCfg = Release|Any CPU
		{1D404A0D-2E19-4CD8-82A5-AC30A7E64336}.Release|Any CPU.Build.0 = Release|Any CPU
	EndGlobalSection
	GlobalSection(SolutionProperties) = preSolution
		HideSolutionNode = FALSE
	EndGlobalSection
	GlobalSection(ExtensibilityGlobals) = postSolution
		SolutionGuid = {5E22F794-87BA-4B5C-A859-D94BB83D68DB}
	EndGlobalSection
EndGlobal
